
Microsoft Visual Studio Solution File, Format Version 12.00
# Visual Studio Version 17
VisualStudioVersion = 17.4.33213.308
MinimumVisualStudioVersion = 10.0.40219.1
Project("{2150E333-8FDC-42A3-9474-1A3956D46DE8}") = "src", "src", "{087CD3F0-B6E9-42D8-BCA7-6DDDD01A8370}"
EndProject
Project("{2150E333-8FDC-42A3-9474-1A3956D46DE8}") = "test", "test", "{E5A7FCC4-703A-4282-A4C7-BBD258EC1388}"
EndProject
Project("{FAE04EC0-301F-11D3-BF4B-00C04F79EFBC}") = "Application", "Application\Application.csproj", "{F06BDEC7-9831-4353-A2D6-75AD542496BB}"
EndProject
Project("{FAE04EC0-301F-11D3-BF4B-00C04F79EFBC}") = "Domain", "Domain\Domain.csproj", "{9222120B-D6E5-4467-89C5-176E4A4481A3}"
EndProject
Project("{FAE04EC0-301F-11D3-BF4B-00C04F79EFBC}") = "Infrastructure", "Infrastructure\Infrastructure.csproj", "{6A899CF1-AA48-4730-ABD0-B47E11DD6893}"
EndProject
Project("{FAE04EC0-301F-11D3-BF4B-00C04F79EFBC}") = "MauRealEstateCompany.Api", "MauRealEstateCompany.Api\MauRealEstateCompany.Api.csproj", "{A8F36767-2534-4D1B-9A09-4E9637BB7354}"
EndProject
Project("{FAE04EC0-301F-11D3-BF4B-00C04F79EFBC}") = "MauRealEstateCompany.ApiTest", "MauRealEstateCompany.ApiTest\MauRealEstateCompany.ApiTest.csproj", "{FF1D67E2-C1A0-4829-88FA-E3CFC04BC7C2}"
EndProject
Global
	GlobalSection(SolutionConfigurationPlatforms) = preSolution
		Debug|Any CPU = Debug|Any CPU
		Release|Any CPU = Release|Any CPU
	EndGlobalSection
	GlobalSection(ProjectConfigurationPlatforms) = postSolution
		{F06BDEC7-9831-4353-A2D6-75AD542496BB}.Debug|Any CPU.ActiveCfg = Debug|Any CPU
		{F06BDEC7-9831-4353-A2D6-75AD542496BB}.Debug|Any CPU.Build.0 = Debug|Any CPU
		{F06BDEC7-9831-4353-A2D6-75AD542496BB}.Release|Any CPU.ActiveCfg = Release|Any CPU
		{F06BDEC7-9831-4353-A2D6-75AD542496BB}.Release|Any CPU.Build.0 = Release|Any CPU
		{9222120B-D6E5-4467-89C5-176E4A4481A3}.Debug|Any CPU.ActiveCfg = Debug|Any CPU
		{9222120B-D6E5-4467-89C5-176E4A4481A3}.Debug|Any CPU.Build.0 = Debug|Any CPU
		{9222120B-D6E5-4467-89C5-176E4A4481A3}.Release|Any CPU.ActiveCfg = Release|Any CPU
		{9222120B-D6E5-4467-89C5-176E4A4481A3}.Release|Any CPU.Build.0 = Release|Any CPU
		{6A899CF1-AA48-4730-ABD0-B47E11DD6893}.Debug|Any CPU.ActiveCfg = Debug|Any CPU
		{6A899CF1-AA48-4730-ABD0-B47E11DD6893}.Debug|Any CPU.Build.0 = Debug|Any CPU
		{6A899CF1-AA48-4730-ABD0-B47E11DD6893}.Release|Any CPU.ActiveCfg = Release|Any CPU
		{6A899CF1-AA48-4730-ABD0-B47E11DD6893}.Release|Any CPU.Build.0 = Release|Any CPU
		{A8F36767-2534-4D1B-9A09-4E9637BB7354}.Debug|Any CPU.ActiveCfg = Debug|Any CPU
		{A8F36767-2534-4D1B-9A09-4E9637BB7354}.Debug|Any CPU.Build.0 = Debug|Any CPU
		{A8F36767-2534-4D1B-9A09-4E9637BB7354}.Release|Any CPU.ActiveCfg = Release|Any CPU
		{A8F36767-2534-4D1B-9A09-4E9637BB7354}.Release|Any CPU.Build.0 = Release|Any CPU
		{FF1D67E2-C1A0-4829-88FA-E3CFC04BC7C2}.Debug|Any CPU.ActiveCfg = Debug|Any CPU
		{FF1D67E2-C1A0-4829-88FA-E3CFC04BC7C2}.Debug|Any CPU.Build.0 = Debug|Any CPU
		{FF1D67E2-C1A0-4829-88FA-E3CFC04BC7C2}.Release|Any CPU.ActiveCfg = Release|Any CPU
		{FF1D67E2-C1A0-4829-88FA-E3CFC04BC7C2}.Release|Any CPU.Build.0 = Release|Any CPU
	EndGlobalSection
	GlobalSection(SolutionProperties) = preSolution
		HideSolutionNode = FALSE
	EndGlobalSection
	GlobalSection(NestedProjects) = preSolution
		{F06BDEC7-9831-4353-A2D6-75AD542496BB} = {087CD3F0-B6E9-42D8-BCA7-6DDDD01A8370}
		{9222120B-D6E5-4467-89C5-176E4A4481A3} = {087CD3F0-B6E9-42D8-BCA7-6DDDD01A8370}
		{6A899CF1-AA48-4730-ABD0-B47E11DD6893} = {087CD3F0-B6E9-42D8-BCA7-6DDDD01A8370}
		{A8F36767-2534-4D1B-9A09-4E9637BB7354} = {087CD3F0-B6E9-42D8-BCA7-6DDDD01A8370}
		{FF1D67E2-C1A0-4829-88FA-E3CFC04BC7C2} = {E5A7FCC4-703A-4282-A4C7-BBD258EC1388}
	EndGlobalSection
	GlobalSection(ExtensibilityGlobals) = postSolution
		SolutionGuid = {4F6CF440-C708-4926-8469-46752AF2B1F9}
	EndGlobalSection
EndGlobal
